
Microsoft Visual Studio Solution File, Format Version 12.00
# Visual Studio Version 17
VisualStudioVersion = 17.1.32228.430
MinimumVisualStudioVersion = 10.0.40219.1
Project("{9A19103F-16F7-4668-BE54-9A1E7A4F7556}") = "ConsoleApp1", "ConsoleApp1.csproj", "{27509C7F-BE67-4621-8A11-913675D156EF}"
EndProject
Global
	GlobalSection(SolutionConfigurationPlatforms) = preSolution
		Debug|Any CPU = Debug|Any CPU
		Release|Any CPU = Release|Any CPU
	EndGlobalSection
	GlobalSection(ProjectConfigurationPlatforms) = postSolution
		{27509C7F-BE67-4621-8A11-913675D156EF}.Debug|Any CPU.ActiveCfg = Debug|Any CPU
		{27509C7F-BE67-4621-8A11-913675D156EF}.Debug|Any CPU.Build.0 = Debug|Any CPU
		{27509C7F-BE67-4621-8A11-913675D156EF}.Release|Any CPU.ActiveCfg = Release|Any CPU
		{27509C7F-BE67-4621-8A11-913675D156EF}.Release|Any CPU.Build.0 = Release|Any CPU
	EndGlobalSection
	GlobalSection(SolutionProperties) = preSolution
		HideSolutionNode = FALSE
	EndGlobalSection
	GlobalSection(ExtensibilityGlobals) = postSolution
		SolutionGuid = {B80E0AD0-961C-4A37-88B0-0ADCBD736CBC}
	EndGlobalSection
EndGlobal
